// !$*UTF8*$!
{
	archiveVersion = 1;
	classes = {
	};
	objectVersion = 55;
	objects = {

/* Begin PBXBuildFile section */
		C987B26C27F85434005E7150 /* AppDelegate.swift in Sources */ = {isa = PBXBuildFile; fileRef = C987B26B27F85434005E7150 /* AppDelegate.swift */; };
		C987B27527F85438005E7150 /* Assets.xcassets in Resources */ = {isa = PBXBuildFile; fileRef = C987B27427F85438005E7150 /* Assets.xcassets */; };
		C987B27827F85438005E7150 /* LaunchScreen.storyboard in Resources */ = {isa = PBXBuildFile; fileRef = C987B27627F85438005E7150 /* LaunchScreen.storyboard */; };
		C987B28027F85A1E005E7150 /* Box.swift in Sources */ = {isa = PBXBuildFile; fileRef = C987B27F27F85A1E005E7150 /* Box.swift */; };
		C987B28327F85E93005E7150 /* QuestionsController.swift in Sources */ = {isa = PBXBuildFile; fileRef = C987B28227F85E93005E7150 /* QuestionsController.swift */; };
		C987B28A27F86031005E7150 /* Questions.storyboard in Resources */ = {isa = PBXBuildFile; fileRef = C987B28927F86031005E7150 /* Questions.storyboard */; };
		C987B28E27F86085005E7150 /* QuestionCell.swift in Sources */ = {isa = PBXBuildFile; fileRef = C987B28C27F86085005E7150 /* QuestionCell.swift */; };
		C987B28F27F86085005E7150 /* QuestionCell.xib in Resources */ = {isa = PBXBuildFile; fileRef = C987B28D27F86085005E7150 /* QuestionCell.xib */; };
		C987B29127F86483005E7150 /* QuestionCellViewModel.swift in Sources */ = {isa = PBXBuildFile; fileRef = C987B29027F86482005E7150 /* QuestionCellViewModel.swift */; };
		C987B29327F8688A005E7150 /* Question.swift in Sources */ = {isa = PBXBuildFile; fileRef = C987B29227F8688A005E7150 /* Question.swift */; };
		C987B29527F86904005E7150 /* QuestionService.swift in Sources */ = {isa = PBXBuildFile; fileRef = C987B29427F86904005E7150 /* QuestionService.swift */; };
		C987B29727F879B5005E7150 /* QuestionsViewModel.swift in Sources */ = {isa = PBXBuildFile; fileRef = C987B29627F879B5005E7150 /* QuestionsViewModel.swift */; };
		C9AF0D5A27F9BA6A0073F58A /* AnswerCell.swift in Sources */ = {isa = PBXBuildFile; fileRef = C9AF0D5827F9BA6A0073F58A /* AnswerCell.swift */; };
		C9AF0D5B27F9BA6A0073F58A /* AnswerCell.xib in Resources */ = {isa = PBXBuildFile; fileRef = C9AF0D5927F9BA6A0073F58A /* AnswerCell.xib */; };
		C9AF0D5F27F9BAEB0073F58A /* AnswerCellViewModel.swift in Sources */ = {isa = PBXBuildFile; fileRef = C9AF0D5E27F9BAEB0073F58A /* AnswerCellViewModel.swift */; };
		C9B264B827FA3B00007C1799 /* QuestionsController+TableView.swift in Sources */ = {isa = PBXBuildFile; fileRef = C9B264B727FA3B00007C1799 /* QuestionsController+TableView.swift */; };
		C9B264BA27FA3C16007C1799 /* Alert+ViewController.swift in Sources */ = {isa = PBXBuildFile; fileRef = C9B264B927FA3C16007C1799 /* Alert+ViewController.swift */; };
		C9B264C927FA4122007C1799 /* QuestionsTestCase.swift in Sources */ = {isa = PBXBuildFile; fileRef = C9B264C827FA4122007C1799 /* QuestionsTestCase.swift */; };
		C9B264CC27FA41A7007C1799 /* QuestionsMockService.swift in Sources */ = {isa = PBXBuildFile; fileRef = C9B264CB27FA41A7007C1799 /* QuestionsMockService.swift */; };
/* End PBXBuildFile section */

/* Begin PBXContainerItemProxy section */
		C9B264C327FA40B4007C1799 /* PBXContainerItemProxy */ = {
			isa = PBXContainerItemProxy;
			containerPortal = C987B26027F85434005E7150 /* Project object */;
			proxyType = 1;
			remoteGlobalIDString = C987B26727F85434005E7150;
			remoteInfo = SurveyApp;
		};
/* End PBXContainerItemProxy section */

/* Begin PBXFileReference section */
		C987B26827F85434005E7150 /* SurveyApp.app */ = {isa = PBXFileReference; explicitFileType = wrapper.application; includeInIndex = 0; path = SurveyApp.app; sourceTree = BUILT_PRODUCTS_DIR; };
		C987B26B27F85434005E7150 /* AppDelegate.swift */ = {isa = PBXFileReference; lastKnownFileType = sourcecode.swift; path = AppDelegate.swift; sourceTree = "<group>"; };
		C987B27427F85438005E7150 /* Assets.xcassets */ = {isa = PBXFileReference; lastKnownFileType = folder.assetcatalog; path = Assets.xcassets; sourceTree = "<group>"; };
		C987B27727F85438005E7150 /* Base */ = {isa = PBXFileReference; lastKnownFileType = file.storyboard; name = Base; path = Base.lproj/LaunchScreen.storyboard; sourceTree = "<group>"; };
		C987B27927F85438005E7150 /* Info.plist */ = {isa = PBXFileReference; lastKnownFileType = text.plist.xml; path = Info.plist; sourceTree = "<group>"; };
		C987B27F27F85A1E005E7150 /* Box.swift */ = {isa = PBXFileReference; lastKnownFileType = sourcecode.swift; path = Box.swift; sourceTree = "<group>"; };
		C987B28227F85E93005E7150 /* QuestionsController.swift */ = {isa = PBXFileReference; lastKnownFileType = sourcecode.swift; path = QuestionsController.swift; sourceTree = "<group>"; };
		C987B28927F86031005E7150 /* Questions.storyboard */ = {isa = PBXFileReference; lastKnownFileType = file.storyboard; path = Questions.storyboard; sourceTree = "<group>"; };
		C987B28C27F86085005E7150 /* QuestionCell.swift */ = {isa = PBXFileReference; lastKnownFileType = sourcecode.swift; path = QuestionCell.swift; sourceTree = "<group>"; };
		C987B28D27F86085005E7150 /* QuestionCell.xib */ = {isa = PBXFileReference; lastKnownFileType = file.xib; path = QuestionCell.xib; sourceTree = "<group>"; };
		C987B29027F86482005E7150 /* QuestionCellViewModel.swift */ = {isa = PBXFileReference; lastKnownFileType = sourcecode.swift; path = QuestionCellViewModel.swift; sourceTree = "<group>"; };
		C987B29227F8688A005E7150 /* Question.swift */ = {isa = PBXFileReference; lastKnownFileType = sourcecode.swift; path = Question.swift; sourceTree = "<group>"; };
		C987B29427F86904005E7150 /* QuestionService.swift */ = {isa = PBXFileReference; lastKnownFileType = sourcecode.swift; path = QuestionService.swift; sourceTree = "<group>"; };
		C987B29627F879B5005E7150 /* QuestionsViewModel.swift */ = {isa = PBXFileReference; lastKnownFileType = sourcecode.swift; path = QuestionsViewModel.swift; sourceTree = "<group>"; };
		C9AF0D5827F9BA6A0073F58A /* AnswerCell.swift */ = {isa = PBXFileReference; lastKnownFileType = sourcecode.swift; path = AnswerCell.swift; sourceTree = "<group>"; };
		C9AF0D5927F9BA6A0073F58A /* AnswerCell.xib */ = {isa = PBXFileReference; lastKnownFileType = file.xib; path = AnswerCell.xib; sourceTree = "<group>"; };
		C9AF0D5E27F9BAEB0073F58A /* AnswerCellViewModel.swift */ = {isa = PBXFileReference; lastKnownFileType = sourcecode.swift; path = AnswerCellViewModel.swift; sourceTree = "<group>"; };
		C9B264B727FA3B00007C1799 /* QuestionsController+TableView.swift */ = {isa = PBXFileReference; lastKnownFileType = sourcecode.swift; path = "QuestionsController+TableView.swift"; sourceTree = "<group>"; };
		C9B264B927FA3C16007C1799 /* Alert+ViewController.swift */ = {isa = PBXFileReference; lastKnownFileType = sourcecode.swift; path = "Alert+ViewController.swift"; sourceTree = "<group>"; };
		C9B264BF27FA40B4007C1799 /* SurveyAppTests.xctest */ = {isa = PBXFileReference; explicitFileType = wrapper.cfbundle; includeInIndex = 0; path = SurveyAppTests.xctest; sourceTree = BUILT_PRODUCTS_DIR; };
		C9B264C827FA4122007C1799 /* QuestionsTestCase.swift */ = {isa = PBXFileReference; lastKnownFileType = sourcecode.swift; path = QuestionsTestCase.swift; sourceTree = "<group>"; };
		C9B264CB27FA41A7007C1799 /* QuestionsMockService.swift */ = {isa = PBXFileReference; lastKnownFileType = sourcecode.swift; path = QuestionsMockService.swift; sourceTree = "<group>"; };
/* End PBXFileReference section */

/* Begin PBXFrameworksBuildPhase section */
		C987B26527F85434005E7150 /* Frameworks */ = {
			isa = PBXFrameworksBuildPhase;
			buildActionMask = 2147483647;
			files = (
			);
			runOnlyForDeploymentPostprocessing = 0;
		};
		C9B264BC27FA40B4007C1799 /* Frameworks */ = {
			isa = PBXFrameworksBuildPhase;
			buildActionMask = 2147483647;
			files = (
			);
			runOnlyForDeploymentPostprocessing = 0;
		};
/* End PBXFrameworksBuildPhase section */

/* Begin PBXGroup section */
		C987B25F27F85434005E7150 = {
			isa = PBXGroup;
			children = (
				C987B26A27F85434005E7150 /* SurveyApp */,
				C9B264C027FA40B4007C1799 /* SurveyAppTests */,
				C987B26927F85434005E7150 /* Products */,
			);
			sourceTree = "<group>";
		};
		C987B26927F85434005E7150 /* Products */ = {
			isa = PBXGroup;
			children = (
				C987B26827F85434005E7150 /* SurveyApp.app */,
				C9B264BF27FA40B4007C1799 /* SurveyAppTests.xctest */,
			);
			name = Products;
			sourceTree = "<group>";
		};
		C987B26A27F85434005E7150 /* SurveyApp */ = {
			isa = PBXGroup;
			children = (
				C987B26B27F85434005E7150 /* AppDelegate.swift */,
				C987B28527F85EA8005E7150 /* Shared */,
				C987B28427F85EA0005E7150 /* API */,
				C987B28127F85E4B005E7150 /* Questions */,
				C987B27427F85438005E7150 /* Assets.xcassets */,
				C987B27627F85438005E7150 /* LaunchScreen.storyboard */,
				C987B27927F85438005E7150 /* Info.plist */,
			);
			path = SurveyApp;
			sourceTree = "<group>";
		};
		C987B28127F85E4B005E7150 /* Questions */ = {
			isa = PBXGroup;
			children = (
				C987B28B27F8606C005E7150 /* Cell */,
				C987B29627F879B5005E7150 /* QuestionsViewModel.swift */,
				C987B28227F85E93005E7150 /* QuestionsController.swift */,
				C9B264B727FA3B00007C1799 /* QuestionsController+TableView.swift */,
				C987B28927F86031005E7150 /* Questions.storyboard */,
			);
			path = Questions;
			sourceTree = "<group>";
		};
		C987B28427F85EA0005E7150 /* API */ = {
			isa = PBXGroup;
			children = (
				C987B28627F85EE8005E7150 /* Service */,
				C987B28727F85EF0005E7150 /* Model */,
			);
			path = API;
			sourceTree = "<group>";
		};
		C987B28527F85EA8005E7150 /* Shared */ = {
			isa = PBXGroup;
			children = (
				C987B28827F85F16005E7150 /* Binder */,
				C9B264B927FA3C16007C1799 /* Alert+ViewController.swift */,
			);
			path = Shared;
			sourceTree = "<group>";
		};
		C987B28627F85EE8005E7150 /* Service */ = {
			isa = PBXGroup;
			children = (
				C987B29427F86904005E7150 /* QuestionService.swift */,
			);
			path = Service;
			sourceTree = "<group>";
		};
		C987B28727F85EF0005E7150 /* Model */ = {
			isa = PBXGroup;
			children = (
				C987B29227F8688A005E7150 /* Question.swift */,
			);
			path = Model;
			sourceTree = "<group>";
		};
		C987B28827F85F16005E7150 /* Binder */ = {
			isa = PBXGroup;
			children = (
				C987B27F27F85A1E005E7150 /* Box.swift */,
			);
			path = Binder;
			sourceTree = "<group>";
		};
		C987B28B27F8606C005E7150 /* Cell */ = {
			isa = PBXGroup;
			children = (
				C9AF0D5D27F9BA780073F58A /* QuestionCell */,
				C9AF0D5C27F9BA6F0073F58A /* AnswerCell */,
			);
			path = Cell;
			sourceTree = "<group>";
		};
		C9AF0D5C27F9BA6F0073F58A /* AnswerCell */ = {
			isa = PBXGroup;
			children = (
				C9AF0D5E27F9BAEB0073F58A /* AnswerCellViewModel.swift */,
				C9AF0D5827F9BA6A0073F58A /* AnswerCell.swift */,
				C9AF0D5927F9BA6A0073F58A /* AnswerCell.xib */,
			);
			path = AnswerCell;
			sourceTree = "<group>";
		};
		C9AF0D5D27F9BA780073F58A /* QuestionCell */ = {
			isa = PBXGroup;
			children = (
				C987B29027F86482005E7150 /* QuestionCellViewModel.swift */,
				C987B28C27F86085005E7150 /* QuestionCell.swift */,
				C987B28D27F86085005E7150 /* QuestionCell.xib */,
			);
			path = QuestionCell;
			sourceTree = "<group>";
		};
		C9B264C027FA40B4007C1799 /* SurveyAppTests */ = {
			isa = PBXGroup;
			children = (
				C9B264CA27FA4194007C1799 /* Mocks */,
				C9B264C827FA4122007C1799 /* QuestionsTestCase.swift */,
			);
			path = SurveyAppTests;
			sourceTree = "<group>";
		};
		C9B264CA27FA4194007C1799 /* Mocks */ = {
			isa = PBXGroup;
			children = (
				C9B264CB27FA41A7007C1799 /* QuestionsMockService.swift */,
			);
			path = Mocks;
			sourceTree = "<group>";
		};
/* End PBXGroup section */

/* Begin PBXNativeTarget section */
		C987B26727F85434005E7150 /* SurveyApp */ = {
			isa = PBXNativeTarget;
			buildConfigurationList = C987B27C27F85438005E7150 /* Build configuration list for PBXNativeTarget "SurveyApp" */;
			buildPhases = (
				C987B26427F85434005E7150 /* Sources */,
				C987B26527F85434005E7150 /* Frameworks */,
				C987B26627F85434005E7150 /* Resources */,
			);
			buildRules = (
			);
			dependencies = (
			);
			name = SurveyApp;
			productName = SurveyApp;
			productReference = C987B26827F85434005E7150 /* SurveyApp.app */;
			productType = "com.apple.product-type.application";
		};
		C9B264BE27FA40B4007C1799 /* SurveyAppTests */ = {
			isa = PBXNativeTarget;
			buildConfigurationList = C9B264C527FA40B4007C1799 /* Build configuration list for PBXNativeTarget "SurveyAppTests" */;
			buildPhases = (
				C9B264BB27FA40B4007C1799 /* Sources */,
				C9B264BC27FA40B4007C1799 /* Frameworks */,
				C9B264BD27FA40B4007C1799 /* Resources */,
			);
			buildRules = (
			);
			dependencies = (
				C9B264C427FA40B4007C1799 /* PBXTargetDependency */,
			);
			name = SurveyAppTests;
			productName = SurveyAppTests;
			productReference = C9B264BF27FA40B4007C1799 /* SurveyAppTests.xctest */;
			productType = "com.apple.product-type.bundle.unit-test";
		};
/* End PBXNativeTarget section */

/* Begin PBXProject section */
		C987B26027F85434005E7150 /* Project object */ = {
			isa = PBXProject;
			attributes = {
				BuildIndependentTargetsInParallel = 1;
				LastSwiftUpdateCheck = 1330;
				LastUpgradeCheck = 1330;
				TargetAttributes = {
					C987B26727F85434005E7150 = {
						CreatedOnToolsVersion = 13.3;
					};
					C9B264BE27FA40B4007C1799 = {
						CreatedOnToolsVersion = 13.3;
						LastSwiftMigration = 1330;
						TestTargetID = C987B26727F85434005E7150;
					};
				};
			};
			buildConfigurationList = C987B26327F85434005E7150 /* Build configuration list for PBXProject "SurveyApp" */;
			compatibilityVersion = "Xcode 13.0";
			developmentRegion = en;
			hasScannedForEncodings = 0;
			knownRegions = (
				en,
				Base,
			);
			mainGroup = C987B25F27F85434005E7150;
			productRefGroup = C987B26927F85434005E7150 /* Products */;
			projectDirPath = "";
			projectRoot = "";
			targets = (
				C987B26727F85434005E7150 /* SurveyApp */,
				C9B264BE27FA40B4007C1799 /* SurveyAppTests */,
			);
		};
/* End PBXProject section */

/* Begin PBXResourcesBuildPhase section */
		C987B26627F85434005E7150 /* Resources */ = {
			isa = PBXResourcesBuildPhase;
			buildActionMask = 2147483647;
			files = (
				C987B27827F85438005E7150 /* LaunchScreen.storyboard in Resources */,
				C987B28F27F86085005E7150 /* QuestionCell.xib in Resources */,
				C9AF0D5B27F9BA6A0073F58A /* AnswerCell.xib in Resources */,
				C987B27527F85438005E7150 /* Assets.xcassets in Resources */,
				C987B28A27F86031005E7150 /* Questions.storyboard in Resources */,
			);
			runOnlyForDeploymentPostprocessing = 0;
		};
		C9B264BD27FA40B4007C1799 /* Resources */ = {
			isa = PBXResourcesBuildPhase;
			buildActionMask = 2147483647;
			files = (
			);
			runOnlyForDeploymentPostprocessing = 0;
		};
/* End PBXResourcesBuildPhase section */

/* Begin PBXSourcesBuildPhase section */
		C987B26427F85434005E7150 /* Sources */ = {
			isa = PBXSourcesBuildPhase;
			buildActionMask = 2147483647;
			files = (
				C987B28327F85E93005E7150 /* QuestionsController.swift in Sources */,
				C987B28E27F86085005E7150 /* QuestionCell.swift in Sources */,
				C9AF0D5F27F9BAEB0073F58A /* AnswerCellViewModel.swift in Sources */,
				C9B264BA27FA3C16007C1799 /* Alert+ViewController.swift in Sources */,
				C987B29727F879B5005E7150 /* QuestionsViewModel.swift in Sources */,
				C987B28027F85A1E005E7150 /* Box.swift in Sources */,
				C987B29527F86904005E7150 /* QuestionService.swift in Sources */,
				C987B29327F8688A005E7150 /* Question.swift in Sources */,
				C987B26C27F85434005E7150 /* AppDelegate.swift in Sources */,
				C9B264B827FA3B00007C1799 /* QuestionsController+TableView.swift in Sources */,
				C987B29127F86483005E7150 /* QuestionCellViewModel.swift in Sources */,
				C9AF0D5A27F9BA6A0073F58A /* AnswerCell.swift in Sources */,
			);
			runOnlyForDeploymentPostprocessing = 0;
		};
		C9B264BB27FA40B4007C1799 /* Sources */ = {
			isa = PBXSourcesBuildPhase;
			buildActionMask = 2147483647;
			files = (
				C9B264C927FA4122007C1799 /* QuestionsTestCase.swift in Sources */,
				C9B264CC27FA41A7007C1799 /* QuestionsMockService.swift in Sources */,
			);
			runOnlyForDeploymentPostprocessing = 0;
		};
/* End PBXSourcesBuildPhase section */

/* Begin PBXTargetDependency section */
		C9B264C427FA40B4007C1799 /* PBXTargetDependency */ = {
			isa = PBXTargetDependency;
			target = C987B26727F85434005E7150 /* SurveyApp */;
			targetProxy = C9B264C327FA40B4007C1799 /* PBXContainerItemProxy */;
		};
/* End PBXTargetDependency section */

/* Begin PBXVariantGroup section */
		C987B27627F85438005E7150 /* LaunchScreen.storyboard */ = {
			isa = PBXVariantGroup;
			children = (
				C987B27727F85438005E7150 /* Base */,
			);
			name = LaunchScreen.storyboard;
			sourceTree = "<group>";
		};
/* End PBXVariantGroup section */

/* Begin XCBuildConfiguration section */
		C987B27A27F85438005E7150 /* Debug */ = {
			isa = XCBuildConfiguration;
			buildSettings = {
				ALWAYS_SEARCH_USER_PATHS = NO;
				CLANG_ANALYZER_NONNULL = YES;
				CLANG_ANALYZER_NUMBER_OBJECT_CONVERSION = YES_AGGRESSIVE;
				CLANG_CXX_LANGUAGE_STANDARD = "gnu++17";
				CLANG_ENABLE_MODULES = YES;
				CLANG_ENABLE_OBJC_ARC = YES;
				CLANG_ENABLE_OBJC_WEAK = YES;
				CLANG_WARN_BLOCK_CAPTURE_AUTORELEASING = YES;
				CLANG_WARN_BOOL_CONVERSION = YES;
				CLANG_WARN_COMMA = YES;
				CLANG_WARN_CONSTANT_CONVERSION = YES;
				CLANG_WARN_DEPRECATED_OBJC_IMPLEMENTATIONS = YES;
				CLANG_WARN_DIRECT_OBJC_ISA_USAGE = YES_ERROR;
				CLANG_WARN_DOCUMENTATION_COMMENTS = YES;
				CLANG_WARN_EMPTY_BODY = YES;
				CLANG_WARN_ENUM_CONVERSION = YES;
				CLANG_WARN_INFINITE_RECURSION = YES;
				CLANG_WARN_INT_CONVERSION = YES;
				CLANG_WARN_NON_LITERAL_NULL_CONVERSION = YES;
				CLANG_WARN_OBJC_IMPLICIT_RETAIN_SELF = YES;
				CLANG_WARN_OBJC_LITERAL_CONVERSION = YES;
				CLANG_WARN_OBJC_ROOT_CLASS = YES_ERROR;
				CLANG_WARN_QUOTED_INCLUDE_IN_FRAMEWORK_HEADER = YES;
				CLANG_WARN_RANGE_LOOP_ANALYSIS = YES;
				CLANG_WARN_STRICT_PROTOTYPES = YES;
				CLANG_WARN_SUSPICIOUS_MOVE = YES;
				CLANG_WARN_UNGUARDED_AVAILABILITY = YES_AGGRESSIVE;
				CLANG_WARN_UNREACHABLE_CODE = YES;
				CLANG_WARN__DUPLICATE_METHOD_MATCH = YES;
				COPY_PHASE_STRIP = NO;
				DEBUG_INFORMATION_FORMAT = dwarf;
				ENABLE_STRICT_OBJC_MSGSEND = YES;
				ENABLE_TESTABILITY = YES;
				GCC_C_LANGUAGE_STANDARD = gnu11;
				GCC_DYNAMIC_NO_PIC = NO;
				GCC_NO_COMMON_BLOCKS = YES;
				GCC_OPTIMIZATION_LEVEL = 0;
				GCC_PREPROCESSOR_DEFINITIONS = (
					"DEBUG=1",
					"$(inherited)",
				);
				GCC_WARN_64_TO_32_BIT_CONVERSION = YES;
				GCC_WARN_ABOUT_RETURN_TYPE = YES_ERROR;
				GCC_WARN_UNDECLARED_SELECTOR = YES;
				GCC_WARN_UNINITIALIZED_AUTOS = YES_AGGRESSIVE;
				GCC_WARN_UNUSED_FUNCTION = YES;
				GCC_WARN_UNUSED_VARIABLE = YES;
				IPHONEOS_DEPLOYMENT_TARGET = 15.4;
				MTL_ENABLE_DEBUG_INFO = INCLUDE_SOURCE;
				MTL_FAST_MATH = YES;
				ONLY_ACTIVE_ARCH = YES;
				SDKROOT = iphoneos;
				SWIFT_ACTIVE_COMPILATION_CONDITIONS = DEBUG;
				SWIFT_OPTIMIZATION_LEVEL = "-Onone";
			};
			name = Debug;
		};
		C987B27B27F85438005E7150 /* Release */ = {
			isa = XCBuildConfiguration;
			buildSettings = {
				ALWAYS_SEARCH_USER_PATHS = NO;
				CLANG_ANALYZER_NONNULL = YES;
				CLANG_ANALYZER_NUMBER_OBJECT_CONVERSION = YES_AGGRESSIVE;
				CLANG_CXX_LANGUAGE_STANDARD = "gnu++17";
				CLANG_ENABLE_MODULES = YES;
				CLANG_ENABLE_OBJC_ARC = YES;
				CLANG_ENABLE_OBJC_WEAK = YES;
				CLANG_WARN_BLOCK_CAPTURE_AUTORELEASING = YES;
				CLANG_WARN_BOOL_CONVERSION = YES;
				CLANG_WARN_COMMA = YES;
				CLANG_WARN_CONSTANT_CONVERSION = YES;
				CLANG_WARN_DEPRECATED_OBJC_IMPLEMENTATIONS = YES;
				CLANG_WARN_DIRECT_OBJC_ISA_USAGE = YES_ERROR;
				CLANG_WARN_DOCUMENTATION_COMMENTS = YES;
				CLANG_WARN_EMPTY_BODY = YES;
				CLANG_WARN_ENUM_CONVERSION = YES;
				CLANG_WARN_INFINITE_RECURSION = YES;
				CLANG_WARN_INT_CONVERSION = YES;
				CLANG_WARN_NON_LITERAL_NULL_CONVERSION = YES;
				CLANG_WARN_OBJC_IMPLICIT_RETAIN_SELF = YES;
				CLANG_WARN_OBJC_LITERAL_CONVERSION = YES;
				CLANG_WARN_OBJC_ROOT_CLASS = YES_ERROR;
				CLANG_WARN_QUOTED_INCLUDE_IN_FRAMEWORK_HEADER = YES;
				CLANG_WARN_RANGE_LOOP_ANALYSIS = YES;
				CLANG_WARN_STRICT_PROTOTYPES = YES;
				CLANG_WARN_SUSPICIOUS_MOVE = YES;
				CLANG_WARN_UNGUARDED_AVAILABILITY = YES_AGGRESSIVE;
				CLANG_WARN_UNREACHABLE_CODE = YES;
				CLANG_WARN__DUPLICATE_METHOD_MATCH = YES;
				COPY_PHASE_STRIP = NO;
				DEBUG_INFORMATION_FORMAT = "dwarf-with-dsym";
				ENABLE_NS_ASSERTIONS = NO;
				ENABLE_STRICT_OBJC_MSGSEND = YES;
				GCC_C_LANGUAGE_STANDARD = gnu11;
				GCC_NO_COMMON_BLOCKS = YES;
				GCC_WARN_64_TO_32_BIT_CONVERSION = YES;
				GCC_WARN_ABOUT_RETURN_TYPE = YES_ERROR;
				GCC_WARN_UNDECLARED_SELECTOR = YES;
				GCC_WARN_UNINITIALIZED_AUTOS = YES_AGGRESSIVE;
				GCC_WARN_UNUSED_FUNCTION = YES;
				GCC_WARN_UNUSED_VARIABLE = YES;
				IPHONEOS_DEPLOYMENT_TARGET = 15.4;
				MTL_ENABLE_DEBUG_INFO = NO;
				MTL_FAST_MATH = YES;
				SDKROOT = iphoneos;
				SWIFT_COMPILATION_MODE = wholemodule;
				SWIFT_OPTIMIZATION_LEVEL = "-O";
				VALIDATE_PRODUCT = YES;
			};
			name = Release;
		};
		C987B27D27F85438005E7150 /* Debug */ = {
			isa = XCBuildConfiguration;
			buildSettings = {
				ASSETCATALOG_COMPILER_APPICON_NAME = AppIcon;
				ASSETCATALOG_COMPILER_GLOBAL_ACCENT_COLOR_NAME = AccentColor;
				CODE_SIGN_STYLE = Automatic;
				CURRENT_PROJECT_VERSION = 1;
				DEVELOPMENT_TEAM = BDZ9JJAWHH;
				GENERATE_INFOPLIST_FILE = YES;
				INFOPLIST_FILE = SurveyApp/Info.plist;
				INFOPLIST_KEY_UIApplicationSupportsIndirectInputEvents = YES;
				INFOPLIST_KEY_UILaunchStoryboardName = LaunchScreen;
				INFOPLIST_KEY_UISupportedInterfaceOrientations_iPad = "UIInterfaceOrientationPortrait UIInterfaceOrientationPortraitUpsideDown UIInterfaceOrientationLandscapeLeft UIInterfaceOrientationLandscapeRight";
				INFOPLIST_KEY_UISupportedInterfaceOrientations_iPhone = "UIInterfaceOrientationPortrait UIInterfaceOrientationLandscapeLeft UIInterfaceOrientationLandscapeRight";
				IPHONEOS_DEPLOYMENT_TARGET = 13.0;
				LD_RUNPATH_SEARCH_PATHS = (
					"$(inherited)",
					"@executable_path/Frameworks",
				);
				MARKETING_VERSION = 1.0;
				PRODUCT_BUNDLE_IDENTIFIER = Barjawi.SurveyApp;
				PRODUCT_NAME = "$(TARGET_NAME)";
				SWIFT_EMIT_LOC_STRINGS = YES;
				SWIFT_VERSION = 5.0;
				TARGETED_DEVICE_FAMILY = 1;
			};
			name = Debug;
		};
		C987B27E27F85438005E7150 /* Release */ = {
			isa = XCBuildConfiguration;
			buildSettings = {
				ASSETCATALOG_COMPILER_APPICON_NAME = AppIcon;
				ASSETCATALOG_COMPILER_GLOBAL_ACCENT_COLOR_NAME = AccentColor;
				CODE_SIGN_STYLE = Automatic;
				CURRENT_PROJECT_VERSION = 1;
				DEVELOPMENT_TEAM = BDZ9JJAWHH;
				GENERATE_INFOPLIST_FILE = YES;
				INFOPLIST_FILE = SurveyApp/Info.plist;
				INFOPLIST_KEY_UIApplicationSupportsIndirectInputEvents = YES;
				INFOPLIST_KEY_UILaunchStoryboardName = LaunchScreen;
				INFOPLIST_KEY_UISupportedInterfaceOrientations_iPad = "UIInterfaceOrientationPortrait UIInterfaceOrientationPortraitUpsideDown UIInterfaceOrientationLandscapeLeft UIInterfaceOrientationLandscapeRight";
				INFOPLIST_KEY_UISupportedInterfaceOrientations_iPhone = "UIInterfaceOrientationPortrait UIInterfaceOrientationLandscapeLeft UIInterfaceOrientationLandscapeRight";
				IPHONEOS_DEPLOYMENT_TARGET = 13.0;
				LD_RUNPATH_SEARCH_PATHS = (
					"$(inherited)",
					"@executable_path/Frameworks",
				);
				MARKETING_VERSION = 1.0;
				PRODUCT_BUNDLE_IDENTIFIER = Barjawi.SurveyApp;
				PRODUCT_NAME = "$(TARGET_NAME)";
				SWIFT_EMIT_LOC_STRINGS = YES;
				SWIFT_VERSION = 5.0;
				TARGETED_DEVICE_FAMILY = 1;
			};
			name = Release;
		};
		C9B264C627FA40B4007C1799 /* Debug */ = {
			isa = XCBuildConfiguration;
			buildSettings = {
				BUNDLE_LOADER = "$(TEST_HOST)";
				CLANG_ENABLE_MODULES = YES;
				CODE_SIGN_STYLE = Automatic;
				CURRENT_PROJECT_VERSION = 1;
				DEVELOPMENT_TEAM = BDZ9JJAWHH;
				GENERATE_INFOPLIST_FILE = YES;
				LD_RUNPATH_SEARCH_PATHS = (
					"$(inherited)",
					"@executable_path/Frameworks",
					"@loader_path/Frameworks",
				);
				MARKETING_VERSION = 1.0;
				PRODUCT_BUNDLE_IDENTIFIER = Barjawi.SurveyAppTests;
				PRODUCT_NAME = "$(TARGET_NAME)";
				SWIFT_EMIT_LOC_STRINGS = NO;
				SWIFT_OPTIMIZATION_LEVEL = "-Onone";
				SWIFT_VERSION = 5.0;
				TARGETED_DEVICE_FAMILY = "1,2";
				TEST_HOST = "$(BUILT_PRODUCTS_DIR)/SurveyApp.app/SurveyApp";
			};
			name = Debug;
		};
		C9B264C727FA40B4007C1799 /* Release */ = {
			isa = XCBuildConfiguration;
			buildSettings = {
				BUNDLE_LOADER = "$(TEST_HOST)";
				CLANG_ENABLE_MODULES = YES;
				CODE_SIGN_STYLE = Automatic;
				CURRENT_PROJECT_VERSION = 1;
				DEVELOPMENT_TEAM = BDZ9JJAWHH;
				GENERATE_INFOPLIST_FILE = YES;
				LD_RUNPATH_SEARCH_PATHS = (
					"$(inherited)",
					"@executable_path/Frameworks",
					"@loader_path/Frameworks",
				);
				MARKETING_VERSION = 1.0;
				PRODUCT_BUNDLE_IDENTIFIER = Barjawi.SurveyAppTests;
				PRODUCT_NAME = "$(TARGET_NAME)";
				SWIFT_EMIT_LOC_STRINGS = NO;
				SWIFT_VERSION = 5.0;
				TARGETED_DEVICE_FAMILY = "1,2";
				TEST_HOST = "$(BUILT_PRODUCTS_DIR)/SurveyApp.app/SurveyApp";
			};
			name = Release;
		};
/* End XCBuildConfiguration section */

/* Begin XCConfigurationList section */
		C987B26327F85434005E7150 /* Build configuration list for PBXProject "SurveyApp" */ = {
			isa = XCConfigurationList;
			buildConfigurations = (
				C987B27A27F85438005E7150 /* Debug */,
				C987B27B27F85438005E7150 /* Release */,
			);
			defaultConfigurationIsVisible = 0;
			defaultConfigurationName = Release;
		};
		C987B27C27F85438005E7150 /* Build configuration list for PBXNativeTarget "SurveyApp" */ = {
			isa = XCConfigurationList;
			buildConfigurations = (
				C987B27D27F85438005E7150 /* Debug */,
				C987B27E27F85438005E7150 /* Release */,
			);
			defaultConfigurationIsVisible = 0;
			defaultConfigurationName = Release;
		};
		C9B264C527FA40B4007C1799 /* Build configuration list for PBXNativeTarget "SurveyAppTests" */ = {
			isa = XCConfigurationList;
			buildConfigurations = (
				C9B264C627FA40B4007C1799 /* Debug */,
				C9B264C727FA40B4007C1799 /* Release */,
			);
			defaultConfigurationIsVisible = 0;
			defaultConfigurationName = Release;
		};
/* End XCConfigurationList section */
	};
	rootObject = C987B26027F85434005E7150 /* Project object */;
}
